# THIS IS AN AUTOGENERATED FILE. DO NOT EDIT THIS FILE DIRECTLY.
# yarn lockfile v1


"@types/node@^16.10.2":
  version "16.10.2"
  resolved "https://registry.yarnpkg.com/@types/node/-/node-16.10.2.tgz#5764ca9aa94470adb4e1185fe2e9f19458992b2e"
  integrity sha512-zCclL4/rx+W5SQTzFs9wyvvyCwoK9QtBpratqz2IYJ3O8Umrn0m3nsTv0wQBk9sRGpvUe9CwPDrQFB10f1FIjQ==

commander@^8.2.0:
  version "8.2.0"
  resolved "https://registry.yarnpkg.com/commander/-/commander-8.2.0.tgz#37fe2bde301d87d47a53adeff8b5915db1381ca8"
  integrity sha512-LLKxDvHeL91/8MIyTAD5BFMNtoIwztGPMiM/7Bl8rIPmHCZXRxmSWr91h57dpOpnQ6jIUqEWdXE/uBYMfiVZDA==

graceful-fs@^4.1.11:
  version "4.1.11"
  resolved "https://registry.yarnpkg.com/graceful-fs/-/graceful-fs-4.1.11.tgz#0e8bdfe4d1ddb8854d64e04ea7c00e2a026e5658"

inspect-with-kind@^1.0.4:
  version "1.0.4"
  resolved "https://registry.yarnpkg.com/inspect-with-kind/-/inspect-with-kind-1.0.4.tgz#4b325d5bf7ef8a6e186791795181c52fc9c5af01"
  dependencies:
    kind-of "^6.0.2"

is-plain-obj@^1.1.0:
  version "1.1.0"
  resolved "https://registry.yarnpkg.com/is-plain-obj/-/is-plain-obj-1.1.0.tgz#71a50c8429dfca773c92a390a4a03b39fcd51d3e"

kind-of@^6.0.2:
  version "6.0.2"
  resolved "https://registry.yarnpkg.com/kind-of/-/kind-of-6.0.2.tgz#01146b36a6218e64e58f3a8d66de5d7fc6f6d051"

readdir-sorted@2.0.3:
  version "2.0.3"
  resolved "https://registry.yarnpkg.com/readdir-sorted/-/readdir-sorted-2.0.3.tgz#4381d5d6c3e4082e1565fd780c474988d503026e"
  integrity sha512-Sxhpdmhh3Vk8u1WwHwNKNKY/cbaBGxmqMtQ1yiYGvsCl9hSI3XXFicr3EWrmCWuMGYF3mB5MOcnv9FKnY+gWtQ==
  dependencies:
    graceful-fs "^4.1.11"
    inspect-with-kind "^1.0.4"
    is-plain-obj "^1.1.0"
